// !$*UTF8*$!
{
	archiveVersion = 1;
	classes = {
	};
	objectVersion = 56;
	objects = {

/* Begin PBXBuildFile section */
		02DC4AB454704931A1C44AE0 /* FontHelper.swift in Sources */ = {isa = PBXBuildFile; fileRef = 65B29D2629428A1F2F37FE3A /* FontHelper.swift */; };
		04960F01D7EF40AE82597F6D /* CameraFullscreenViewController.swift in Sources */ = {isa = PBXBuildFile; fileRef = 56E9D2E0F0C949F2B7A8A5EB /* CameraFullscreenViewController.swift */; };
		16C14DB0EB5184D3DBED8AA9 /* Logger.swift in Sources */ = {isa = PBXBuildFile; fileRef = 42D7E2DA070A9E4A496668FA /* Logger.swift */; };
		1D0E9A8A2B8F4C3E00E5F123 /* AppDelegate.swift in Sources */ = {isa = PBXBuildFile; fileRef = 1D0E9A892B8F4C3E00E5F123 /* AppDelegate.swift */; };
		1D0E9A8C2B8F4C3E00E5F123 /* SceneDelegate.swift in Sources */ = {isa = PBXBuildFile; fileRef = 1D0E9A8B2B8F4C3E00E5F123 /* SceneDelegate.swift */; };
		1D0E9A8E2B8F4C3E00E5F123 /* GalleryViewController.swift in Sources */ = {isa = PBXBuildFile; fileRef = 1D0E9A8D2B8F4C3E00E5F123 /* GalleryViewController.swift */; };
		1D0E9A932B8F4C3F00E5F123 /* Assets.xcassets in Resources */ = {isa = PBXBuildFile; fileRef = 1D0E9A922B8F4C3F00E5F123 /* Assets.xcassets */; };
		1D0E9A962B8F4C3F00E5F123 /* LaunchScreen.storyboard in Resources */ = {isa = PBXBuildFile; fileRef = 1D0E9A942B8F4C3F00E5F123 /* LaunchScreen.storyboard */; };
		1D0E9A9E2B8F4C6B00E5F123 /* GalleryCell.swift in Sources */ = {isa = PBXBuildFile; fileRef = 1D0E9A9D2B8F4C6B00E5F123 /* GalleryCell.swift */; };
		1D0E9AA02B8F4C7D00E5F123 /* PhotoManager.swift in Sources */ = {isa = PBXBuildFile; fileRef = 1D0E9A9F2B8F4C7D00E5F123 /* PhotoManager.swift */; };
		1D0E9AA22B8F4C8E00E5F123 /* TurboImageCache.swift in Sources */ = {isa = PBXBuildFile; fileRef = 1D0E9AA12B8F4C8E00E5F123 /* TurboImageCache.swift */; };
		1D0E9AA42B8F4C9F00E5F123 /* MainViewController.swift in Sources */ = {isa = PBXBuildFile; fileRef = 1D0E9AA32B8F4C9F00E5F123 /* MainViewController.swift */; };
		27ABC4982EB1B81900317B84 /* AlbumPickerViewController.swift in Sources */ = {isa = PBXBuildFile; fileRef = 27ABC4972EB1B81900317B84 /* AlbumPickerViewController.swift */; };
		27ABC49A2EB1B9AE00317B84 /* ImageViewerViewController.swift in Sources */ = {isa = PBXBuildFile; fileRef = 27ABC4992EB1B9AE00317B84 /* ImageViewerViewController.swift */; };
		27B7C3892EB1FF5D0019D49A /* CameraPreviewView.swift in Sources */ = {isa = PBXBuildFile; fileRef = 27B7C3882EB1FF5D0019D49A /* CameraPreviewView.swift */; };
		27CC11112EC000000019D49A /* ImageEditorViewController.swift in Sources */ = {isa = PBXBuildFile; fileRef = 27CC11102EC000000019D49A /* ImageEditorViewController.swift */; };
		2F541E9057668E3955D3ACCE /* FilterType.swift in Sources */ = {isa = PBXBuildFile; fileRef = 6F1B785C4CDF4C0B9BD0AA07 /* FilterType.swift */; };
		3612A8D986BC9B6F1003C240 /* TextInputViewController.swift in Sources */ = {isa = PBXBuildFile; fileRef = 24B4D5C3D93B1311657BFB1C /* TextInputViewController.swift */; };
		364CDF08421D80372F9B66F6 /* ImageEditorTransitionAnimator.swift in Sources */ = {isa = PBXBuildFile; fileRef = 1FDC88BFCD31C858D6BF19DD /* ImageEditorTransitionAnimator.swift */; };
		38B30B31C05FDE91C49C848F /* DrawingViewController.swift in Sources */ = {isa = PBXBuildFile; fileRef = 295C50C6FE097183091F1199 /* DrawingViewController.swift */; };
		4A69C351FA2BD678BF6362F8 /* LicenseManager.swift in Sources */ = {isa = PBXBuildFile; fileRef = 4F450C8A2E8CD9F842E3FF54 /* LicenseManager.swift */; };
		4A6F7E40F5145BD3E2CD3EA3 /* Localizer.swift in Sources */ = {isa = PBXBuildFile; fileRef = 5D96CB6F9E2887693BAA07B8 /* Localizer.swift */; };
		6F9CA774795C08D580527688 /* ImageProcessor.swift in Sources */ = {isa = PBXBuildFile; fileRef = 42DF3136E8F460145F752E99 /* ImageProcessor.swift */; };
		9B043F30FEABA1AC7BE35B80 /* GalleryViewController+Delegates.swift in Sources */ = {isa = PBXBuildFile; fileRef = FB26B9E82389DD7A33FED266 /* GalleryViewController+Delegates.swift */; };
		A2910366BB42B21F7A1FF206 /* RemoteImageViewerViewController.swift in Sources */ = {isa = PBXBuildFile; fileRef = 7F926A509A4F96ED8D44107A /* RemoteImageViewerViewController.swift */; };
		AA01234500AABBCC00112233 /* ToolbarIcons in Resources */ = {isa = PBXBuildFile; fileRef = AA01234400AABBCC00112233 /* ToolbarIcons */; };
		AB12CD3456EF78901234ABCD /* ProfileCropViewController.swift in Sources */ = {isa = PBXBuildFile; fileRef = AB12CD3456EF78901234AB00 /* ProfileCropViewController.swift */; };
		B1CD4F6D04A56A6D99BFBED2 /* GoogleEmojiImageView.swift in Sources */ = {isa = PBXBuildFile; fileRef = 12CD893B4C18461EB621C6F5 /* GoogleEmojiImageView.swift */; };
		BE08ED6AF2DF1FE4FA5A3B1F /* EmojiCategories.swift in Sources */ = {isa = PBXBuildFile; fileRef = 3A386A90FA8BB092D3695FE6 /* EmojiCategories.swift */; };
		C3214134019D47CCFCABB992 /* FilterThumbnailCell.swift in Sources */ = {isa = PBXBuildFile; fileRef = BFFA6CF3C13B9B52EE3FC923 /* FilterThumbnailCell.swift */; };
		C96D8CB3454AF8374BE5543F /* Pretendard-SemiBold.otf in Resources */ = {isa = PBXBuildFile; fileRef = E59B8ACA69E2F47B08BBE973 /* Pretendard-SemiBold.otf */; };
		D810265B5E1A117EB7D9784B /* GalleryViewController+CollectionView.swift in Sources */ = {isa = PBXBuildFile; fileRef = BE3A99765F958CBDF30FC128 /* GalleryViewController+CollectionView.swift */; };
		E3E3F4CA54A7A55A8EEBBD60 /* EmojiPickerViewController.swift in Sources */ = {isa = PBXBuildFile; fileRef = 4905CC5709F5F28DDFCA745F /* EmojiPickerViewController.swift */; };
		EB9F17725DA0A614DE3FBF1C /* ZoomTransitionAnimator.swift in Sources */ = {isa = PBXBuildFile; fileRef = 44CD50A89CA9B79CF6371E07 /* ZoomTransitionAnimator.swift */; };
		EC7CA0796C6D5B3C48C954B1 /* TextStickerView.swift in Sources */ = {isa = PBXBuildFile; fileRef = AA9069BD05BC2EB7BA7D4E66 /* TextStickerView.swift */; };
		FE49F8C344C31632EEEB8B24 /* CropViewController.swift in Sources */ = {isa = PBXBuildFile; fileRef = 0E7A5FCC40DEE3006EE86A2B /* CropViewController.swift */; };
/* End PBXBuildFile section */

/* Begin PBXFileReference section */
		0E7A5FCC40DEE3006EE86A2B /* CropViewController.swift */ = {isa = PBXFileReference; includeInIndex = 1; lastKnownFileType = sourcecode.swift; path = CropViewController.swift; sourceTree = "<group>"; };
		12CD893B4C18461EB621C6F5 /* GoogleEmojiImageView.swift */ = {isa = PBXFileReference; includeInIndex = 1; lastKnownFileType = sourcecode.swift; path = GoogleEmojiImageView.swift; sourceTree = "<group>"; };
		1D0E9A862B8F4C3E00E5F123 /* RNTurboImagePicker.framework */ = {isa = PBXFileReference; explicitFileType = wrapper.framework; includeInIndex = 0; path = RNTurboImagePicker.framework; sourceTree = BUILT_PRODUCTS_DIR; };
		1D0E9A892B8F4C3E00E5F123 /* AppDelegate.swift */ = {isa = PBXFileReference; lastKnownFileType = sourcecode.swift; path = AppDelegate.swift; sourceTree = "<group>"; };
		1D0E9A8B2B8F4C3E00E5F123 /* SceneDelegate.swift */ = {isa = PBXFileReference; lastKnownFileType = sourcecode.swift; path = SceneDelegate.swift; sourceTree = "<group>"; };
		1D0E9A8D2B8F4C3E00E5F123 /* GalleryViewController.swift */ = {isa = PBXFileReference; lastKnownFileType = sourcecode.swift; path = GalleryViewController.swift; sourceTree = "<group>"; };
		1D0E9A922B8F4C3F00E5F123 /* Assets.xcassets */ = {isa = PBXFileReference; lastKnownFileType = folder.assetcatalog; path = Assets.xcassets; sourceTree = "<group>"; };
		1D0E9A952B8F4C3F00E5F123 /* Base */ = {isa = PBXFileReference; lastKnownFileType = file.storyboard; name = Base; path = Base.lproj/LaunchScreen.storyboard; sourceTree = "<group>"; };
		1D0E9A972B8F4C3F00E5F123 /* Info.plist */ = {isa = PBXFileReference; lastKnownFileType = text.plist.xml; path = Info.plist; sourceTree = "<group>"; };
		1D0E9A9D2B8F4C6B00E5F123 /* GalleryCell.swift */ = {isa = PBXFileReference; lastKnownFileType = sourcecode.swift; path = GalleryCell.swift; sourceTree = "<group>"; };
		1D0E9A9F2B8F4C7D00E5F123 /* PhotoManager.swift */ = {isa = PBXFileReference; lastKnownFileType = sourcecode.swift; path = PhotoManager.swift; sourceTree = "<group>"; };
		1D0E9AA12B8F4C8E00E5F123 /* TurboImageCache.swift */ = {isa = PBXFileReference; lastKnownFileType = sourcecode.swift; path = TurboImageCache.swift; sourceTree = "<group>"; };
		1D0E9AA32B8F4C9F00E5F123 /* MainViewController.swift */ = {isa = PBXFileReference; lastKnownFileType = sourcecode.swift; path = MainViewController.swift; sourceTree = "<group>"; };
		1FDC88BFCD31C858D6BF19DD /* ImageEditorTransitionAnimator.swift */ = {isa = PBXFileReference; includeInIndex = 1; lastKnownFileType = sourcecode.swift; path = ImageEditorTransitionAnimator.swift; sourceTree = "<group>"; };
		24B4D5C3D93B1311657BFB1C /* TextInputViewController.swift */ = {isa = PBXFileReference; includeInIndex = 1; lastKnownFileType = sourcecode.swift; path = TextInputViewController.swift; sourceTree = "<group>"; };
		27ABC4972EB1B81900317B84 /* AlbumPickerViewController.swift */ = {isa = PBXFileReference; lastKnownFileType = sourcecode.swift; path = AlbumPickerViewController.swift; sourceTree = "<group>"; };
		27ABC4992EB1B9AE00317B84 /* ImageViewerViewController.swift */ = {isa = PBXFileReference; lastKnownFileType = sourcecode.swift; path = ImageViewerViewController.swift; sourceTree = "<group>"; };
		27B7C3882EB1FF5D0019D49A /* CameraPreviewView.swift */ = {isa = PBXFileReference; lastKnownFileType = sourcecode.swift; path = CameraPreviewView.swift; sourceTree = "<group>"; };
		27B7C38A2EB201EC0019D49A /* RNTurboImagePicker.entitlements */ = {isa = PBXFileReference; lastKnownFileType = text.plist.entitlements; path = RNTurboImagePicker.entitlements; sourceTree = "<group>"; };
		27CC11102EC000000019D49A /* ImageEditorViewController.swift */ = {isa = PBXFileReference; lastKnownFileType = sourcecode.swift; path = ImageEditorViewController.swift; sourceTree = "<group>"; };
		295C50C6FE097183091F1199 /* DrawingViewController.swift */ = {isa = PBXFileReference; includeInIndex = 1; lastKnownFileType = sourcecode.swift; path = DrawingViewController.swift; sourceTree = "<group>"; };
		3A386A90FA8BB092D3695FE6 /* EmojiCategories.swift */ = {isa = PBXFileReference; includeInIndex = 1; lastKnownFileType = sourcecode.swift; path = EmojiCategories.swift; sourceTree = "<group>"; };
		42D7E2DA070A9E4A496668FA /* Logger.swift */ = {isa = PBXFileReference; includeInIndex = 1; lastKnownFileType = sourcecode.swift; path = Logger.swift; sourceTree = "<group>"; };
		42DF3136E8F460145F752E99 /* ImageProcessor.swift */ = {isa = PBXFileReference; includeInIndex = 1; lastKnownFileType = sourcecode.swift; path = ImageProcessor.swift; sourceTree = "<group>"; };
		44CD50A89CA9B79CF6371E07 /* ZoomTransitionAnimator.swift */ = {isa = PBXFileReference; includeInIndex = 1; lastKnownFileType = sourcecode.swift; path = ZoomTransitionAnimator.swift; sourceTree = "<group>"; };
		4905CC5709F5F28DDFCA745F /* EmojiPickerViewController.swift */ = {isa = PBXFileReference; includeInIndex = 1; lastKnownFileType = sourcecode.swift; path = EmojiPickerViewController.swift; sourceTree = "<group>"; };
		4F450C8A2E8CD9F842E3FF54 /* LicenseManager.swift */ = {isa = PBXFileReference; includeInIndex = 1; lastKnownFileType = sourcecode.swift; path = LicenseManager.swift; sourceTree = "<group>"; };
		56E9D2E0F0C949F2B7A8A5EB /* CameraFullscreenViewController.swift */ = {isa = PBXFileReference; lastKnownFileType = sourcecode.swift; path = CameraFullscreenViewController.swift; sourceTree = "<group>"; };
		5D96CB6F9E2887693BAA07B8 /* Localizer.swift */ = {isa = PBXFileReference; includeInIndex = 1; lastKnownFileType = sourcecode.swift; path = Localizer.swift; sourceTree = "<group>"; };
		65B29D2629428A1F2F37FE3A /* FontHelper.swift */ = {isa = PBXFileReference; includeInIndex = 1; lastKnownFileType = sourcecode.swift; path = FontHelper.swift; sourceTree = "<group>"; };
		6F1B785C4CDF4C0B9BD0AA07 /* FilterType.swift */ = {isa = PBXFileReference; includeInIndex = 1; lastKnownFileType = sourcecode.swift; path = FilterType.swift; sourceTree = "<group>"; };
		7F926A509A4F96ED8D44107A /* RemoteImageViewerViewController.swift */ = {isa = PBXFileReference; includeInIndex = 1; lastKnownFileType = sourcecode.swift; path = RemoteImageViewerViewController.swift; sourceTree = "<group>"; };
		AA01234400AABBCC00112233 /* ToolbarIcons */ = {isa = PBXFileReference; lastKnownFileType = folder; path = ToolbarIcons; sourceTree = "<group>"; };
		AA9069BD05BC2EB7BA7D4E66 /* TextStickerView.swift */ = {isa = PBXFileReference; includeInIndex = 1; lastKnownFileType = sourcecode.swift; path = TextStickerView.swift; sourceTree = "<group>"; };
		AB12CD3456EF78901234AB00 /* ProfileCropViewController.swift */ = {isa = PBXFileReference; includeInIndex = 1; lastKnownFileType = sourcecode.swift; path = ProfileCropViewController.swift; sourceTree = "<group>"; };
		BE3A99765F958CBDF30FC128 /* GalleryViewController+CollectionView.swift */ = {isa = PBXFileReference; includeInIndex = 1; lastKnownFileType = sourcecode.swift; path = "GalleryViewController+CollectionView.swift"; sourceTree = "<group>"; };
		BFFA6CF3C13B9B52EE3FC923 /* FilterThumbnailCell.swift */ = {isa = PBXFileReference; includeInIndex = 1; lastKnownFileType = sourcecode.swift; path = FilterThumbnailCell.swift; sourceTree = "<group>"; };
		E59B8ACA69E2F47B08BBE973 /* Pretendard-SemiBold.otf */ = {isa = PBXFileReference; includeInIndex = 1; path = "Fonts/Pretendard-SemiBold.otf"; sourceTree = "<group>"; };
		FB26B9E82389DD7A33FED266 /* GalleryViewController+Delegates.swift */ = {isa = PBXFileReference; includeInIndex = 1; lastKnownFileType = sourcecode.swift; path = "GalleryViewController+Delegates.swift"; sourceTree = "<group>"; };
/* End PBXFileReference section */

/* Begin PBXFrameworksBuildPhase section */
		1D0E9A832B8F4C3E00E5F123 /* Frameworks */ = {
			isa = PBXFrameworksBuildPhase;
			buildActionMask = 2147483647;
			files = (
			);
			runOnlyForDeploymentPostprocessing = 0;
		};
/* End PBXFrameworksBuildPhase section */

/* Begin PBXGroup section */
		1D0E9A7D2B8F4C3E00E5F123 = {
			isa = PBXGroup;
			children = (
				1D0E9A882B8F4C3E00E5F123 /* RNTurboImagePicker */,
				1D0E9A872B8F4C3E00E5F123 /* Products */,
			);
			sourceTree = "<group>";
		};
		1D0E9A872B8F4C3E00E5F123 /* Products */ = {
			isa = PBXGroup;
			children = (
				1D0E9A862B8F4C3E00E5F123 /* RNTurboImagePicker.framework */,
			);
			name = Products;
			sourceTree = "<group>";
		};
		1D0E9A882B8F4C3E00E5F123 /* RNTurboImagePicker */ = {
			isa = PBXGroup;
			children = (
				27B7C38A2EB201EC0019D49A /* RNTurboImagePicker.entitlements */,
				1D0E9A892B8F4C3E00E5F123 /* AppDelegate.swift */,
				1D0E9A8B2B8F4C3E00E5F123 /* SceneDelegate.swift */,
				27ABC4972EB1B81900317B84 /* AlbumPickerViewController.swift */,
				1D0E9AA32B8F4C9F00E5F123 /* MainViewController.swift */,
				27CC11102EC000000019D49A /* ImageEditorViewController.swift */,
				27ABC4992EB1B9AE00317B84 /* ImageViewerViewController.swift */,
				1D0E9A8D2B8F4C3E00E5F123 /* GalleryViewController.swift */,
				27B7C3882EB1FF5D0019D49A /* CameraPreviewView.swift */,
				56E9D2E0F0C949F2B7A8A5EB /* CameraFullscreenViewController.swift */,
				1D0E9A9D2B8F4C6B00E5F123 /* GalleryCell.swift */,
				1D0E9A9F2B8F4C7D00E5F123 /* PhotoManager.swift */,
				1D0E9AA12B8F4C8E00E5F123 /* TurboImageCache.swift */,
				1D0E9A922B8F4C3F00E5F123 /* Assets.xcassets */,
				1D0E9A942B8F4C3F00E5F123 /* LaunchScreen.storyboard */,
				1D0E9A972B8F4C3F00E5F123 /* Info.plist */,
				6F1B785C4CDF4C0B9BD0AA07 /* FilterType.swift */,
				BFFA6CF3C13B9B52EE3FC923 /* FilterThumbnailCell.swift */,
				0E7A5FCC40DEE3006EE86A2B /* CropViewController.swift */,
				AB12CD3456EF78901234AB00 /* ProfileCropViewController.swift */,
				AA01234400AABBCC00112233 /* ToolbarIcons */,
				24B4D5C3D93B1311657BFB1C /* TextInputViewController.swift */,
				AA9069BD05BC2EB7BA7D4E66 /* TextStickerView.swift */,
				A7ABE2EBD061576A13B0231D /* Fonts */,
				65B29D2629428A1F2F37FE3A /* FontHelper.swift */,
				3A386A90FA8BB092D3695FE6 /* EmojiCategories.swift */,
				4905CC5709F5F28DDFCA745F /* EmojiPickerViewController.swift */,
				295C50C6FE097183091F1199 /* DrawingViewController.swift */,
				BE3A99765F958CBDF30FC128 /* GalleryViewController+CollectionView.swift */,
				FB26B9E82389DD7A33FED266 /* GalleryViewController+Delegates.swift */,
				4F450C8A2E8CD9F842E3FF54 /* LicenseManager.swift */,
				7F926A509A4F96ED8D44107A /* RemoteImageViewerViewController.swift */,
				42D7E2DA070A9E4A496668FA /* Logger.swift */,
				5D96CB6F9E2887693BAA07B8 /* Localizer.swift */,
				42DF3136E8F460145F752E99 /* ImageProcessor.swift */,
				1FDC88BFCD31C858D6BF19DD /* ImageEditorTransitionAnimator.swift */,
				12CD893B4C18461EB621C6F5 /* GoogleEmojiImageView.swift */,
				44CD50A89CA9B79CF6371E07 /* ZoomTransitionAnimator.swift */,
			);
			path = RNTurboImagePicker;
			sourceTree = "<group>";
		};
		A7ABE2EBD061576A13B0231D /* Fonts */ = {
			isa = PBXGroup;
			children = (
				E59B8ACA69E2F47B08BBE973 /* Pretendard-SemiBold.otf */,
			);
			name = Fonts;
			sourceTree = "<group>";
		};
/* End PBXGroup section */

/* Begin PBXNativeTarget section */
		1D0E9A852B8F4C3E00E5F123 /* RNTurboImagePicker */ = {
			isa = PBXNativeTarget;
			buildConfigurationList = 1D0E9A9A2B8F4C3F00E5F123 /* Build configuration list for PBXNativeTarget "RNTurboImagePicker" */;
			buildPhases = (
				1D0E9A822B8F4C3E00E5F123 /* Sources */,
				1D0E9A832B8F4C3E00E5F123 /* Frameworks */,
				1D0E9A842B8F4C3E00E5F123 /* Resources */,
			);
			buildRules = (
			);
			dependencies = (
			);
			name = RNTurboImagePicker;
			packageProductDependencies = (
				AF71AFD7EBAF786A0666461D /* SDWebImageWebPCoder */,
			);
			productName = RNTurboImagePicker;
			productReference = 1D0E9A862B8F4C3E00E5F123 /* RNTurboImagePicker.framework */;
			productType = "com.apple.product-type.framework";
		};
/* End PBXNativeTarget section */

/* Begin PBXProject section */
		1D0E9A7E2B8F4C3E00E5F123 /* Project object */ = {
			isa = PBXProject;
			attributes = {
				BuildIndependentTargetsInParallel = 1;
				LastSwiftUpdateCheck = 1520;
				LastUpgradeCheck = 1520;
				TargetAttributes = {
					1D0E9A852B8F4C3E00E5F123 = {
						CreatedOnToolsVersion = 15.2;
					};
				};
			};
			buildConfigurationList = 1D0E9A812B8F4C3E00E5F123 /* Build configuration list for PBXProject "RNTurboImagePicker" */;
			compatibilityVersion = "Xcode 14.0";
			developmentRegion = en;
			hasScannedForEncodings = 0;
			knownRegions = (
				en,
				Base,
			);
			mainGroup = 1D0E9A7D2B8F4C3E00E5F123;
			packageReferences = (
				05932850C9ABBE1776D9AE86 /* XCRemoteSwiftPackageReference "SDWebImageWebPCoder" */,
			);
			productRefGroup = 1D0E9A872B8F4C3E00E5F123 /* Products */;
			projectDirPath = "";
			projectRoot = "";
			targets = (
				1D0E9A852B8F4C3E00E5F123 /* RNTurboImagePicker */,
			);
		};
/* End PBXProject section */

/* Begin PBXResourcesBuildPhase section */
		1D0E9A842B8F4C3E00E5F123 /* Resources */ = {
			isa = PBXResourcesBuildPhase;
			buildActionMask = 2147483647;
			files = (
				1D0E9A962B8F4C3F00E5F123 /* LaunchScreen.storyboard in Resources */,
				1D0E9A932B8F4C3F00E5F123 /* Assets.xcassets in Resources */,
				AA01234500AABBCC00112233 /* ToolbarIcons in Resources */,
				C96D8CB3454AF8374BE5543F /* Pretendard-SemiBold.otf in Resources */,
			);
			runOnlyForDeploymentPostprocessing = 0;
		};
/* End PBXResourcesBuildPhase section */

/* Begin PBXSourcesBuildPhase section */
		1D0E9A822B8F4C3E00E5F123 /* Sources */ = {
			isa = PBXSourcesBuildPhase;
			buildActionMask = 2147483647;
			files = (
				27ABC49A2EB1B9AE00317B84 /* ImageViewerViewController.swift in Sources */,
				27ABC4982EB1B81900317B84 /* AlbumPickerViewController.swift in Sources */,
				27B7C3892EB1FF5D0019D49A /* CameraPreviewView.swift in Sources */,
				04960F01D7EF40AE82597F6D /* CameraFullscreenViewController.swift in Sources */,
				1D0E9A8E2B8F4C3E00E5F123 /* GalleryViewController.swift in Sources */,
				1D0E9AA22B8F4C8E00E5F123 /* TurboImageCache.swift in Sources */,
				1D0E9A8A2B8F4C3E00E5F123 /* AppDelegate.swift in Sources */,
				1D0E9AA42B8F4C9F00E5F123 /* MainViewController.swift in Sources */,
				27CC11112EC000000019D49A /* ImageEditorViewController.swift in Sources */,
				1D0E9A9E2B8F4C6B00E5F123 /* GalleryCell.swift in Sources */,
				1D0E9AA02B8F4C7D00E5F123 /* PhotoManager.swift in Sources */,
				1D0E9A8C2B8F4C3E00E5F123 /* SceneDelegate.swift in Sources */,
				2F541E9057668E3955D3ACCE /* FilterType.swift in Sources */,
				C3214134019D47CCFCABB992 /* FilterThumbnailCell.swift in Sources */,
				FE49F8C344C31632EEEB8B24 /* CropViewController.swift in Sources */,
				AB12CD3456EF78901234ABCD /* ProfileCropViewController.swift in Sources */,
				3612A8D986BC9B6F1003C240 /* TextInputViewController.swift in Sources */,
				EC7CA0796C6D5B3C48C954B1 /* TextStickerView.swift in Sources */,
				02DC4AB454704931A1C44AE0 /* FontHelper.swift in Sources */,
				BE08ED6AF2DF1FE4FA5A3B1F /* EmojiCategories.swift in Sources */,
				E3E3F4CA54A7A55A8EEBBD60 /* EmojiPickerViewController.swift in Sources */,
				38B30B31C05FDE91C49C848F /* DrawingViewController.swift in Sources */,
				D810265B5E1A117EB7D9784B /* GalleryViewController+CollectionView.swift in Sources */,
				9B043F30FEABA1AC7BE35B80 /* GalleryViewController+Delegates.swift in Sources */,
				4A69C351FA2BD678BF6362F8 /* LicenseManager.swift in Sources */,
				A2910366BB42B21F7A1FF206 /* RemoteImageViewerViewController.swift in Sources */,
				16C14DB0EB5184D3DBED8AA9 /* Logger.swift in Sources */,
				4A6F7E40F5145BD3E2CD3EA3 /* Localizer.swift in Sources */,
				6F9CA774795C08D580527688 /* ImageProcessor.swift in Sources */,
				364CDF08421D80372F9B66F6 /* ImageEditorTransitionAnimator.swift in Sources */,
				B1CD4F6D04A56A6D99BFBED2 /* GoogleEmojiImageView.swift in Sources */,
				EB9F17725DA0A614DE3FBF1C /* ZoomTransitionAnimator.swift in Sources */,
			);
			runOnlyForDeploymentPostprocessing = 0;
		};
/* End PBXSourcesBuildPhase section */

/* Begin PBXVariantGroup section */
		1D0E9A942B8F4C3F00E5F123 /* LaunchScreen.storyboard */ = {
			isa = PBXVariantGroup;
			children = (
				1D0E9A952B8F4C3F00E5F123 /* Base */,
			);
			name = LaunchScreen.storyboard;
			sourceTree = "<group>";
		};
/* End PBXVariantGroup section */

/* Begin XCBuildConfiguration section */
		1D0E9A982B8F4C3F00E5F123 /* Debug */ = {
			isa = XCBuildConfiguration;
			buildSettings = {
				ALWAYS_SEARCH_USER_PATHS = NO;
				ASSETCATALOG_COMPILER_GENERATE_SWIFT_ASSET_SYMBOL_EXTENSIONS = YES;
				CLANG_ANALYZER_NONNULL = YES;
				CLANG_ANALYZER_NUMBER_OBJECT_CONVERSION = YES_AGGRESSIVE;
				CLANG_CXX_LANGUAGE_STANDARD = "gnu++20";
				CLANG_ENABLE_MODULES = YES;
				CLANG_ENABLE_OBJC_ARC = YES;
				CLANG_ENABLE_OBJC_WEAK = YES;
				CLANG_WARN_BLOCK_CAPTURE_AUTORELEASING = YES;
				CLANG_WARN_BOOL_CONVERSION = YES;
				CLANG_WARN_COMMA = YES;
				CLANG_WARN_CONSTANT_CONVERSION = YES;
				CLANG_WARN_DEPRECATED_OBJC_IMPLEMENTATIONS = YES;
				CLANG_WARN_DIRECT_OBJC_ISA_USAGE = YES_ERROR;
				CLANG_WARN_DOCUMENTATION_COMMENTS = YES;
				CLANG_WARN_EMPTY_BODY = YES;
				CLANG_WARN_ENUM_CONVERSION = YES;
				CLANG_WARN_INFINITE_RECURSION = YES;
				CLANG_WARN_INT_CONVERSION = YES;
				CLANG_WARN_NON_LITERAL_NULL_CONVERSION = YES;
				CLANG_WARN_OBJC_IMPLICIT_RETAIN_SELF = YES;
				CLANG_WARN_OBJC_LITERAL_CONVERSION = YES;
				CLANG_WARN_OBJC_ROOT_CLASS = YES_ERROR;
				CLANG_WARN_QUOTED_INCLUDE_IN_FRAMEWORK_HEADER = YES;
				CLANG_WARN_RANGE_LOOP_ANALYSIS = YES;
				CLANG_WARN_STRICT_PROTOTYPES = YES;
				CLANG_WARN_SUSPICIOUS_MOVE = YES;
				CLANG_WARN_UNGUARDED_AVAILABILITY = YES_AGGRESSIVE;
				CLANG_WARN_UNREACHABLE_CODE = YES;
				CLANG_WARN__DUPLICATE_METHOD_MATCH = YES;
				COPY_PHASE_STRIP = NO;
				DEBUG_INFORMATION_FORMAT = dwarf;
				ENABLE_STRICT_OBJC_MSGSEND = YES;
				ENABLE_TESTABILITY = YES;
				ENABLE_USER_SCRIPT_SANDBOXING = YES;
				GCC_C_LANGUAGE_STANDARD = gnu17;
				GCC_DYNAMIC_NO_PIC = NO;
				GCC_NO_COMMON_BLOCKS = YES;
				GCC_OPTIMIZATION_LEVEL = 0;
				GCC_PREPROCESSOR_DEFINITIONS = (
					"DEBUG=1",
					"$(inherited)",
				);
				GCC_WARN_64_TO_32_BIT_CONVERSION = YES;
				GCC_WARN_ABOUT_RETURN_TYPE = YES_ERROR;
				GCC_WARN_UNDECLARED_SELECTOR = YES;
				GCC_WARN_UNINITIALIZED_AUTOS = YES_AGGRESSIVE;
				GCC_WARN_UNUSED_FUNCTION = YES;
				GCC_WARN_UNUSED_VARIABLE = YES;
				IPHONEOS_DEPLOYMENT_TARGET = 14.0;
				LOCALIZATION_PREFERS_STRING_CATALOGS = YES;
				MTL_ENABLE_DEBUG_INFO = INCLUDE_SOURCE;
				MTL_FAST_MATH = YES;
				ONLY_ACTIVE_ARCH = YES;
				SDKROOT = iphoneos;
				SWIFT_ACTIVE_COMPILATION_CONDITIONS = "DEBUG $(inherited)";
				SWIFT_OPTIMIZATION_LEVEL = "-Onone";
			};
			name = Debug;
		};
		1D0E9A992B8F4C3F00E5F123 /* Release */ = {
			isa = XCBuildConfiguration;
			buildSettings = {
				ALWAYS_SEARCH_USER_PATHS = NO;
				ASSETCATALOG_COMPILER_GENERATE_SWIFT_ASSET_SYMBOL_EXTENSIONS = YES;
				CLANG_ANALYZER_NONNULL = YES;
				CLANG_ANALYZER_NUMBER_OBJECT_CONVERSION = YES_AGGRESSIVE;
				CLANG_CXX_LANGUAGE_STANDARD = "gnu++20";
				CLANG_ENABLE_MODULES = YES;
				CLANG_ENABLE_OBJC_ARC = YES;
				CLANG_ENABLE_OBJC_WEAK = YES;
				CLANG_WARN_BLOCK_CAPTURE_AUTORELEASING = YES;
				CLANG_WARN_BOOL_CONVERSION = YES;
				CLANG_WARN_COMMA = YES;
				CLANG_WARN_CONSTANT_CONVERSION = YES;
				CLANG_WARN_DEPRECATED_OBJC_IMPLEMENTATIONS = YES;
				CLANG_WARN_DIRECT_OBJC_ISA_USAGE = YES_ERROR;
				CLANG_WARN_DOCUMENTATION_COMMENTS = YES;
				CLANG_WARN_EMPTY_BODY = YES;
				CLANG_WARN_ENUM_CONVERSION = YES;
				CLANG_WARN_INFINITE_RECURSION = YES;
				CLANG_WARN_INT_CONVERSION = YES;
				CLANG_WARN_NON_LITERAL_NULL_CONVERSION = YES;
				CLANG_WARN_OBJC_IMPLICIT_RETAIN_SELF = YES;
				CLANG_WARN_OBJC_LITERAL_CONVERSION = YES;
				CLANG_WARN_OBJC_ROOT_CLASS = YES_ERROR;
				CLANG_WARN_QUOTED_INCLUDE_IN_FRAMEWORK_HEADER = YES;
				CLANG_WARN_RANGE_LOOP_ANALYSIS = YES;
				CLANG_WARN_STRICT_PROTOTYPES = YES;
				CLANG_WARN_SUSPICIOUS_MOVE = YES;
				CLANG_WARN_UNGUARDED_AVAILABILITY = YES_AGGRESSIVE;
				CLANG_WARN_UNREACHABLE_CODE = YES;
				CLANG_WARN__DUPLICATE_METHOD_MATCH = YES;
				COPY_PHASE_STRIP = NO;
				DEBUG_INFORMATION_FORMAT = "dwarf-with-dsym";
				ENABLE_NS_ASSERTIONS = NO;
				ENABLE_STRICT_OBJC_MSGSEND = YES;
				ENABLE_USER_SCRIPT_SANDBOXING = YES;
				GCC_C_LANGUAGE_STANDARD = gnu17;
				GCC_NO_COMMON_BLOCKS = YES;
				GCC_WARN_64_TO_32_BIT_CONVERSION = YES;
				GCC_WARN_ABOUT_RETURN_TYPE = YES_ERROR;
				GCC_WARN_UNDECLARED_SELECTOR = YES;
				GCC_WARN_UNINITIALIZED_AUTOS = YES_AGGRESSIVE;
				GCC_WARN_UNUSED_FUNCTION = YES;
				GCC_WARN_UNUSED_VARIABLE = YES;
				IPHONEOS_DEPLOYMENT_TARGET = 14.0;
				LOCALIZATION_PREFERS_STRING_CATALOGS = YES;
				MTL_ENABLE_DEBUG_INFO = NO;
				MTL_FAST_MATH = YES;
				SDKROOT = iphoneos;
				SWIFT_COMPILATION_MODE = wholemodule;
				VALIDATE_PRODUCT = YES;
			};
			name = Release;
		};
		1D0E9A9B2B8F4C3F00E5F123 /* Debug */ = {
			isa = XCBuildConfiguration;
			buildSettings = {
				ASSETCATALOG_COMPILER_APPICON_NAME = AppIcon;
				ASSETCATALOG_COMPILER_GLOBAL_ACCENT_COLOR_NAME = AccentColor;
				BUILD_LIBRARY_FOR_DISTRIBUTION = YES;
				CODE_SIGN_ENTITLEMENTS = RNTurboImagePicker/RNTurboImagePicker.entitlements;
				CODE_SIGN_STYLE = Automatic;
				CURRENT_PROJECT_VERSION = 1;
				DEFINES_MODULE = YES;
				DEVELOPMENT_TEAM = AZY95UYSCZ;
				DYLIB_INSTALL_NAME_BASE = "@rpath";
				EXECUTABLE_EXTENSION = framework;
				GENERATE_INFOPLIST_FILE = YES;
				INFOPLIST_FILE = RNTurboImagePicker/Info.plist;
				INFOPLIST_KEY_UIApplicationSupportsIndirectInputEvents = YES;
				INFOPLIST_KEY_UILaunchStoryboardName = LaunchScreen;
				INFOPLIST_KEY_UISupportedInterfaceOrientations_iPad = "UIInterfaceOrientationPortrait UIInterfaceOrientationPortraitUpsideDown UIInterfaceOrientationLandscapeLeft UIInterfaceOrientationLandscapeRight";
				INFOPLIST_KEY_UISupportedInterfaceOrientations_iPhone = "UIInterfaceOrientationPortrait UIInterfaceOrientationLandscapeLeft UIInterfaceOrientationLandscapeRight";
				INSTALL_PATH = "$(LOCAL_LIBRARY_DIR)/Frameworks";
				IPHONEOS_DEPLOYMENT_TARGET = 15.0;
				LD_RUNPATH_SEARCH_PATHS = (
					"$(inherited)",
					"@executable_path/Frameworks",
					"@loader_path/Frameworks",
				);
				MACH_O_TYPE = staticlib;
				MARKETING_VERSION = 1.0;
				PRODUCT_BUNDLE_IDENTIFIER = com.kora.RNTurboImagePicker;
				PRODUCT_NAME = "$(TARGET_NAME)";
				SKIP_INSTALL = NO;
				SWIFT_EMIT_LOC_STRINGS = YES;
				SWIFT_VERSION = 5.0;
				TARGETED_DEVICE_FAMILY = "1,2";
				WRAPPER_EXTENSION = framework;
			};
			name = Debug;
		};
		1D0E9A9C2B8F4C3F00E5F123 /* Release */ = {
			isa = XCBuildConfiguration;
			buildSettings = {
				ASSETCATALOG_COMPILER_APPICON_NAME = AppIcon;
				ASSETCATALOG_COMPILER_GLOBAL_ACCENT_COLOR_NAME = AccentColor;
				BUILD_LIBRARY_FOR_DISTRIBUTION = YES;
				CODE_SIGN_ENTITLEMENTS = RNTurboImagePicker/RNTurboImagePicker.entitlements;
				CODE_SIGN_STYLE = Automatic;
				CURRENT_PROJECT_VERSION = 1;
				DEFINES_MODULE = YES;
				DEVELOPMENT_TEAM = AZY95UYSCZ;
				DYLIB_INSTALL_NAME_BASE = "@rpath";
				EXECUTABLE_EXTENSION = framework;
				GENERATE_INFOPLIST_FILE = YES;
				INFOPLIST_FILE = RNTurboImagePicker/Info.plist;
				INFOPLIST_KEY_UIApplicationSupportsIndirectInputEvents = YES;
				INFOPLIST_KEY_UILaunchStoryboardName = LaunchScreen;
				INFOPLIST_KEY_UISupportedInterfaceOrientations_iPad = "UIInterfaceOrientationPortrait UIInterfaceOrientationPortraitUpsideDown UIInterfaceOrientationLandscapeLeft UIInterfaceOrientationLandscapeRight";
				INFOPLIST_KEY_UISupportedInterfaceOrientations_iPhone = "UIInterfaceOrientationPortrait UIInterfaceOrientationLandscapeLeft UIInterfaceOrientationLandscapeRight";
				INSTALL_PATH = "$(LOCAL_LIBRARY_DIR)/Frameworks";
				IPHONEOS_DEPLOYMENT_TARGET = 15.0;
				LD_RUNPATH_SEARCH_PATHS = (
					"$(inherited)",
					"@executable_path/Frameworks",
					"@loader_path/Frameworks",
				);
				MACH_O_TYPE = staticlib;
				MARKETING_VERSION = 1.0;
				PRODUCT_BUNDLE_IDENTIFIER = com.kora.RNTurboImagePicker;
				PRODUCT_NAME = "$(TARGET_NAME)";
				SKIP_INSTALL = NO;
				SWIFT_EMIT_LOC_STRINGS = YES;
				SWIFT_VERSION = 5.0;
				TARGETED_DEVICE_FAMILY = "1,2";
				WRAPPER_EXTENSION = framework;
			};
			name = Release;
		};
/* End XCBuildConfiguration section */

/* Begin XCConfigurationList section */
		1D0E9A812B8F4C3E00E5F123 /* Build configuration list for PBXProject "RNTurboImagePicker" */ = {
			isa = XCConfigurationList;
			buildConfigurations = (
				1D0E9A982B8F4C3F00E5F123 /* Debug */,
				1D0E9A992B8F4C3F00E5F123 /* Release */,
			);
			defaultConfigurationIsVisible = 0;
			defaultConfigurationName = Debug;
		};
		1D0E9A9A2B8F4C3F00E5F123 /* Build configuration list for PBXNativeTarget "RNTurboImagePicker" */ = {
			isa = XCConfigurationList;
			buildConfigurations = (
				1D0E9A9B2B8F4C3F00E5F123 /* Debug */,
				1D0E9A9C2B8F4C3F00E5F123 /* Release */,
			);
			defaultConfigurationIsVisible = 0;
			defaultConfigurationName = Debug;
		};
/* End XCConfigurationList section */

/* Begin XCRemoteSwiftPackageReference section */
		05932850C9ABBE1776D9AE86 /* XCRemoteSwiftPackageReference "SDWebImageWebPCoder" */ = {
			isa = XCRemoteSwiftPackageReference;
			repositoryURL = "https://github.com/SDWebImage/SDWebImageWebPCoder.git";
			requirement = {
				kind = upToNextMajorVersion;
				minimumVersion = 0.14.6;
			};
		};
/* End XCRemoteSwiftPackageReference section */

/* Begin XCSwiftPackageProductDependency section */
		AF71AFD7EBAF786A0666461D /* SDWebImageWebPCoder */ = {
			isa = XCSwiftPackageProductDependency;
			package = 05932850C9ABBE1776D9AE86 /* XCRemoteSwiftPackageReference "SDWebImageWebPCoder" */;
			productName = SDWebImageWebPCoder;
		};
/* End XCSwiftPackageProductDependency section */
	};
	rootObject = 1D0E9A7E2B8F4C3E00E5F123 /* Project object */;
}
